// !$*UTF8*$!
{
	archiveVersion = 1;
	classes = {
	};
	objectVersion = 46;
	objects = {

/* Begin PBXBuildFile section */
		CB0E5C9118BEB19400230FC5 /* Accelerate.framework in Frameworks */ = {isa = PBXBuildFile; fileRef = CB0E5C8A18BEB19400230FC5 /* Accelerate.framework */; };
		CB0E5C9218BEB19400230FC5 /* AssetsLibrary.framework in Frameworks */ = {isa = PBXBuildFile; fileRef = CB0E5C8B18BEB19400230FC5 /* AssetsLibrary.framework */; };
		CB0E5C9318BEB19400230FC5 /* AVFoundation.framework in Frameworks */ = {isa = PBXBuildFile; fileRef = CB0E5C8C18BEB19400230FC5 /* AVFoundation.framework */; };
		CB0E5C9418BEB19400230FC5 /* CoreImage.framework in Frameworks */ = {isa = PBXBuildFile; fileRef = CB0E5C8D18BEB19400230FC5 /* CoreImage.framework */; };
		CB0E5C9518BEB19400230FC5 /* CoreMedia.framework in Frameworks */ = {isa = PBXBuildFile; fileRef = CB0E5C8E18BEB19400230FC5 /* CoreMedia.framework */; };
		CB0E5C9618BEB19400230FC5 /* CoreVideo.framework in Frameworks */ = {isa = PBXBuildFile; fileRef = CB0E5C8F18BEB19400230FC5 /* CoreVideo.framework */; };
		CB0E5C9718BEB19400230FC5 /* QuartzCore.framework in Frameworks */ = {isa = PBXBuildFile; fileRef = CB0E5C9018BEB19400230FC5 /* QuartzCore.framework */; };
		CB823D2418BC798400FA5BAB /* Foundation.framework in Frameworks */ = {isa = PBXBuildFile; fileRef = CB823D2318BC798400FA5BAB /* Foundation.framework */; };
		CB823D2618BC798400FA5BAB /* CoreGraphics.framework in Frameworks */ = {isa = PBXBuildFile; fileRef = CB823D2518BC798400FA5BAB /* CoreGraphics.framework */; };
		CB823D2818BC798400FA5BAB /* UIKit.framework in Frameworks */ = {isa = PBXBuildFile; fileRef = CB823D2718BC798400FA5BAB /* UIKit.framework */; };
		CB823D2E18BC798400FA5BAB /* InfoPlist.strings in Resources */ = {isa = PBXBuildFile; fileRef = CB823D2C18BC798400FA5BAB /* InfoPlist.strings */; };
		CB823D3018BC798400FA5BAB /* main.m in Sources */ = {isa = PBXBuildFile; fileRef = CB823D2F18BC798400FA5BAB /* main.m */; };
		CB823D3418BC798400FA5BAB /* embeddedAppDelegate.mm in Sources */ = {isa = PBXBuildFile; fileRef = CB823D3318BC798400FA5BAB /* embeddedAppDelegate.mm */; };
		CB823D3718BC798400FA5BAB /* Main.storyboard in Resources */ = {isa = PBXBuildFile; fileRef = CB823D3518BC798400FA5BAB /* Main.storyboard */; };
		CB823D3A18BC798400FA5BAB /* embeddedViewController.mm in Sources */ = {isa = PBXBuildFile; fileRef = CB823D3918BC798400FA5BAB /* embeddedViewController.mm */; };
		CB823D3C18BC798400FA5BAB /* Images.xcassets in Resources */ = {isa = PBXBuildFile; fileRef = CB823D3B18BC798400FA5BAB /* Images.xcassets */; };
		CB823D4318BC798400FA5BAB /* XCTest.framework in Frameworks */ = {isa = PBXBuildFile; fileRef = CB823D4218BC798400FA5BAB /* XCTest.framework */; };
		CB823D4418BC798400FA5BAB /* Foundation.framework in Frameworks */ = {isa = PBXBuildFile; fileRef = CB823D2318BC798400FA5BAB /* Foundation.framework */; };
		CB823D4518BC798400FA5BAB /* UIKit.framework in Frameworks */ = {isa = PBXBuildFile; fileRef = CB823D2718BC798400FA5BAB /* UIKit.framework */; };
		CB823D4D18BC798400FA5BAB /* InfoPlist.strings in Resources */ = {isa = PBXBuildFile; fileRef = CB823D4B18BC798400FA5BAB /* InfoPlist.strings */; };
		CB823D4F18BC798400FA5BAB /* SmartCameraTests.m in Sources */ = {isa = PBXBuildFile; fileRef = CB823D4E18BC798400FA5BAB /* SmartCameraTests.m */; };
		CB823D5A18BD22C100FA5BAB /* Detection.mm in Sources */ = {isa = PBXBuildFile; fileRef = CB823D5918BD22C100FA5BAB /* Detection.mm */; };
		CB823D5C18BD243500FA5BAB /* opencv2.framework in Frameworks */ = {isa = PBXBuildFile; fileRef = CB823D5B18BD243500FA5BAB /* opencv2.framework */; };
		CB823D6118BD293D00FA5BAB /* haarcascade_mcs_eyepair_big.xml in Resources */ = {isa = PBXBuildFile; fileRef = CB823D5E18BD293D00FA5BAB /* haarcascade_mcs_eyepair_big.xml */; };
		CB823D6218BD293D00FA5BAB /* haarcascade_mcs_mouth.xml in Resources */ = {isa = PBXBuildFile; fileRef = CB823D5F18BD293D00FA5BAB /* haarcascade_mcs_mouth.xml */; };
		CB823D6318BD293D00FA5BAB /* lbpcascade_frontalface.xml in Resources */ = {isa = PBXBuildFile; fileRef = CB823D6018BD293D00FA5BAB /* lbpcascade_frontalface.xml */; };
		CB823D6518BD295800FA5BAB /* haarcascade_frontalface_alt.xml in Resources */ = {isa = PBXBuildFile; fileRef = CB823D6418BD295800FA5BAB /* haarcascade_frontalface_alt.xml */; };
		CB823D6818BE70CD00FA5BAB /* FaceDetection.mm in Sources */ = {isa = PBXBuildFile; fileRef = CB823D6718BE70CD00FA5BAB /* FaceDetection.mm */; };
		CB823D6A18BE77B300FA5BAB /* lena.png in Resources */ = {isa = PBXBuildFile; fileRef = CB823D6918BE77B300FA5BAB /* lena.png */; };
/* End PBXBuildFile section */

/* Begin PBXContainerItemProxy section */
		CB823D4618BC798400FA5BAB /* PBXContainerItemProxy */ = {
			isa = PBXContainerItemProxy;
			containerPortal = CB823D1818BC798400FA5BAB /* Project object */;
			proxyType = 1;
			remoteGlobalIDString = CB823D1F18BC798400FA5BAB;
			remoteInfo = SmartCamera;
		};
/* End PBXContainerItemProxy section */

/* Begin PBXFileReference section */
		CB0E5C8A18BEB19400230FC5 /* Accelerate.framework */ = {isa = PBXFileReference; lastKnownFileType = wrapper.framework; name = Accelerate.framework; path = System/Library/Frameworks/Accelerate.framework; sourceTree = SDKROOT; };
		CB0E5C8B18BEB19400230FC5 /* AssetsLibrary.framework */ = {isa = PBXFileReference; lastKnownFileType = wrapper.framework; name = AssetsLibrary.framework; path = System/Library/Frameworks/AssetsLibrary.framework; sourceTree = SDKROOT; };
		CB0E5C8C18BEB19400230FC5 /* AVFoundation.framework */ = {isa = PBXFileReference; lastKnownFileType = wrapper.framework; name = AVFoundation.framework; path = System/Library/Frameworks/AVFoundation.framework; sourceTree = SDKROOT; };
		CB0E5C8D18BEB19400230FC5 /* CoreImage.framework */ = {isa = PBXFileReference; lastKnownFileType = wrapper.framework; name = CoreImage.framework; path = System/Library/Frameworks/CoreImage.framework; sourceTree = SDKROOT; };
		CB0E5C8E18BEB19400230FC5 /* CoreMedia.framework */ = {isa = PBXFileReference; lastKnownFileType = wrapper.framework; name = CoreMedia.framework; path = System/Library/Frameworks/CoreMedia.framework; sourceTree = SDKROOT; };
		CB0E5C8F18BEB19400230FC5 /* CoreVideo.framework */ = {isa = PBXFileReference; lastKnownFileType = wrapper.framework; name = CoreVideo.framework; path = System/Library/Frameworks/CoreVideo.framework; sourceTree = SDKROOT; };
		CB0E5C9018BEB19400230FC5 /* QuartzCore.framework */ = {isa = PBXFileReference; lastKnownFileType = wrapper.framework; name = QuartzCore.framework; path = System/Library/Frameworks/QuartzCore.framework; sourceTree = SDKROOT; };
		CB823D2018BC798400FA5BAB /* SmartCamera.app */ = {isa = PBXFileReference; explicitFileType = wrapper.application; includeInIndex = 0; path = SmartCamera.app; sourceTree = BUILT_PRODUCTS_DIR; };
		CB823D2318BC798400FA5BAB /* Foundation.framework */ = {isa = PBXFileReference; lastKnownFileType = wrapper.framework; name = Foundation.framework; path = System/Library/Frameworks/Foundation.framework; sourceTree = SDKROOT; };
		CB823D2518BC798400FA5BAB /* CoreGraphics.framework */ = {isa = PBXFileReference; lastKnownFileType = wrapper.framework; name = CoreGraphics.framework; path = System/Library/Frameworks/CoreGraphics.framework; sourceTree = SDKROOT; };
		CB823D2718BC798400FA5BAB /* UIKit.framework */ = {isa = PBXFileReference; lastKnownFileType = wrapper.framework; name = UIKit.framework; path = System/Library/Frameworks/UIKit.framework; sourceTree = SDKROOT; };
		CB823D2B18BC798400FA5BAB /* SmartCamera-Info.plist */ = {isa = PBXFileReference; lastKnownFileType = text.plist.xml; path = "SmartCamera-Info.plist"; sourceTree = "<group>"; };
		CB823D2D18BC798400FA5BAB /* en */ = {isa = PBXFileReference; lastKnownFileType = text.plist.strings; name = en; path = en.lproj/InfoPlist.strings; sourceTree = "<group>"; };
		CB823D2F18BC798400FA5BAB /* main.m */ = {isa = PBXFileReference; lastKnownFileType = sourcecode.c.objc; path = main.m; sourceTree = "<group>"; };
		CB823D3118BC798400FA5BAB /* SmartCamera-Prefix.pch */ = {isa = PBXFileReference; lastKnownFileType = sourcecode.c.h; path = "SmartCamera-Prefix.pch"; sourceTree = "<group>"; };
		CB823D3218BC798400FA5BAB /* embeddedAppDelegate.h */ = {isa = PBXFileReference; lastKnownFileType = sourcecode.c.h; path = embeddedAppDelegate.h; sourceTree = "<group>"; };
		CB823D3318BC798400FA5BAB /* embeddedAppDelegate.mm */ = {isa = PBXFileReference; lastKnownFileType = sourcecode.cpp.objcpp; path = embeddedAppDelegate.mm; sourceTree = "<group>"; };
		CB823D3618BC798400FA5BAB /* Base */ = {isa = PBXFileReference; lastKnownFileType = file.storyboard; name = Base; path = Base.lproj/Main.storyboard; sourceTree = "<group>"; };
		CB823D3818BC798400FA5BAB /* embeddedViewController.h */ = {isa = PBXFileReference; lastKnownFileType = sourcecode.c.h; path = embeddedViewController.h; sourceTree = "<group>"; };
		CB823D3918BC798400FA5BAB /* embeddedViewController.mm */ = {isa = PBXFileReference; lastKnownFileType = sourcecode.cpp.objcpp; path = embeddedViewController.mm; sourceTree = "<group>"; };
		CB823D3B18BC798400FA5BAB /* Images.xcassets */ = {isa = PBXFileReference; lastKnownFileType = folder.assetcatalog; path = Images.xcassets; sourceTree = "<group>"; };
		CB823D4118BC798400FA5BAB /* SmartCameraTests.xctest */ = {isa = PBXFileReference; explicitFileType = wrapper.cfbundle; includeInIndex = 0; path = SmartCameraTests.xctest; sourceTree = BUILT_PRODUCTS_DIR; };
		CB823D4218BC798400FA5BAB /* XCTest.framework */ = {isa = PBXFileReference; lastKnownFileType = wrapper.framework; name = XCTest.framework; path = Library/Frameworks/XCTest.framework; sourceTree = DEVELOPER_DIR; };
		CB823D4A18BC798400FA5BAB /* SmartCameraTests-Info.plist */ = {isa = PBXFileReference; lastKnownFileType = text.plist.xml; path = "SmartCameraTests-Info.plist"; sourceTree = "<group>"; };
		CB823D4C18BC798400FA5BAB /* en */ = {isa = PBXFileReference; lastKnownFileType = text.plist.strings; name = en; path = en.lproj/InfoPlist.strings; sourceTree = "<group>"; };
		CB823D4E18BC798400FA5BAB /* SmartCameraTests.m */ = {isa = PBXFileReference; lastKnownFileType = sourcecode.c.objc; path = SmartCameraTests.m; sourceTree = "<group>"; };
		CB823D5818BD22C100FA5BAB /* Detection.h */ = {isa = PBXFileReference; fileEncoding = 4; lastKnownFileType = sourcecode.c.h; path = Detection.h; sourceTree = "<group>"; };
		CB823D5918BD22C100FA5BAB /* Detection.mm */ = {isa = PBXFileReference; fileEncoding = 4; lastKnownFileType = sourcecode.cpp.objcpp; path = Detection.mm; sourceTree = "<group>"; };
		CB823D5B18BD243500FA5BAB /* opencv2.framework */ = {isa = PBXFileReference; lastKnownFileType = wrapper.framework; path = opencv2.framework; sourceTree = "<group>"; };
		CB823D5E18BD293D00FA5BAB /* haarcascade_mcs_eyepair_big.xml */ = {isa = PBXFileReference; fileEncoding = 4; lastKnownFileType = text.xml; path = haarcascade_mcs_eyepair_big.xml; sourceTree = "<group>"; };
		CB823D5F18BD293D00FA5BAB /* haarcascade_mcs_mouth.xml */ = {isa = PBXFileReference; fileEncoding = 4; lastKnownFileType = text.xml; path = haarcascade_mcs_mouth.xml; sourceTree = "<group>"; };
		CB823D6018BD293D00FA5BAB /* lbpcascade_frontalface.xml */ = {isa = PBXFileReference; fileEncoding = 4; lastKnownFileType = text.xml; path = lbpcascade_frontalface.xml; sourceTree = "<group>"; };
		CB823D6418BD295800FA5BAB /* haarcascade_frontalface_alt.xml */ = {isa = PBXFileReference; fileEncoding = 4; lastKnownFileType = text.xml; path = haarcascade_frontalface_alt.xml; sourceTree = "<group>"; };
		CB823D6618BE70CD00FA5BAB /* FaceDetection.h */ = {isa = PBXFileReference; fileEncoding = 4; lastKnownFileType = sourcecode.c.h; path = FaceDetection.h; sourceTree = "<group>"; };
		CB823D6718BE70CD00FA5BAB /* FaceDetection.mm */ = {isa = PBXFileReference; fileEncoding = 4; lastKnownFileType = sourcecode.cpp.objcpp; path = FaceDetection.mm; sourceTree = "<group>"; };
		CB823D6918BE77B300FA5BAB /* lena.png */ = {isa = PBXFileReference; lastKnownFileType = image.png; path = lena.png; sourceTree = "<group>"; };
/* End PBXFileReference section */

/* Begin PBXFrameworksBuildPhase section */
		CB823D1D18BC798400FA5BAB /* Frameworks */ = {
			isa = PBXFrameworksBuildPhase;
			buildActionMask = 2147483647;
			files = (
				CB0E5C9118BEB19400230FC5 /* Accelerate.framework in Frameworks */,
				CB0E5C9218BEB19400230FC5 /* AssetsLibrary.framework in Frameworks */,
				CB0E5C9318BEB19400230FC5 /* AVFoundation.framework in Frameworks */,
				CB0E5C9418BEB19400230FC5 /* CoreImage.framework in Frameworks */,
				CB0E5C9518BEB19400230FC5 /* CoreMedia.framework in Frameworks */,
				CB0E5C9618BEB19400230FC5 /* CoreVideo.framework in Frameworks */,
				CB0E5C9718BEB19400230FC5 /* QuartzCore.framework in Frameworks */,
				CB823D2618BC798400FA5BAB /* CoreGraphics.framework in Frameworks */,
				CB823D2818BC798400FA5BAB /* UIKit.framework in Frameworks */,
				CB823D5C18BD243500FA5BAB /* opencv2.framework in Frameworks */,
				CB823D2418BC798400FA5BAB /* Foundation.framework in Frameworks */,
			);
			runOnlyForDeploymentPostprocessing = 0;
		};
		CB823D3E18BC798400FA5BAB /* Frameworks */ = {
			isa = PBXFrameworksBuildPhase;
			buildActionMask = 2147483647;
			files = (
				CB823D4318BC798400FA5BAB /* XCTest.framework in Frameworks */,
				CB823D4518BC798400FA5BAB /* UIKit.framework in Frameworks */,
				CB823D4418BC798400FA5BAB /* Foundation.framework in Frameworks */,
			);
			runOnlyForDeploymentPostprocessing = 0;
		};
/* End PBXFrameworksBuildPhase section */

/* Begin PBXGroup section */
		CB823D1718BC798400FA5BAB = {
			isa = PBXGroup;
			children = (
				CB823D2918BC798400FA5BAB /* SmartCamera */,
				CB823D4818BC798400FA5BAB /* SmartCameraTests */,
				CB823D2218BC798400FA5BAB /* Frameworks */,
				CB823D2118BC798400FA5BAB /* Products */,
			);
			sourceTree = "<group>";
		};
		CB823D2118BC798400FA5BAB /* Products */ = {
			isa = PBXGroup;
			children = (
				CB823D2018BC798400FA5BAB /* SmartCamera.app */,
				CB823D4118BC798400FA5BAB /* SmartCameraTests.xctest */,
			);
			name = Products;
			sourceTree = "<group>";
		};
		CB823D2218BC798400FA5BAB /* Frameworks */ = {
			isa = PBXGroup;
			children = (
				CB0E5C8A18BEB19400230FC5 /* Accelerate.framework */,
				CB0E5C8B18BEB19400230FC5 /* AssetsLibrary.framework */,
				CB0E5C8C18BEB19400230FC5 /* AVFoundation.framework */,
				CB0E5C8D18BEB19400230FC5 /* CoreImage.framework */,
				CB0E5C8E18BEB19400230FC5 /* CoreMedia.framework */,
				CB0E5C8F18BEB19400230FC5 /* CoreVideo.framework */,
				CB0E5C9018BEB19400230FC5 /* QuartzCore.framework */,
				CB823D5B18BD243500FA5BAB /* opencv2.framework */,
				CB823D2318BC798400FA5BAB /* Foundation.framework */,
				CB823D2518BC798400FA5BAB /* CoreGraphics.framework */,
				CB823D2718BC798400FA5BAB /* UIKit.framework */,
				CB823D4218BC798400FA5BAB /* XCTest.framework */,
			);
			name = Frameworks;
			sourceTree = "<group>";
		};
		CB823D2918BC798400FA5BAB /* SmartCamera */ = {
			isa = PBXGroup;
			children = (
				CB823D3218BC798400FA5BAB /* embeddedAppDelegate.h */,
				CB823D3318BC798400FA5BAB /* embeddedAppDelegate.mm */,
				CB823D3518BC798400FA5BAB /* Main.storyboard */,
				CB823D3B18BC798400FA5BAB /* Images.xcassets */,
				CB823D2A18BC798400FA5BAB /* Supporting Files */,
			);
			path = SmartCamera;
			sourceTree = "<group>";
		};
		CB823D2A18BC798400FA5BAB /* Supporting Files */ = {
			isa = PBXGroup;
			children = (
				CB823D6918BE77B300FA5BAB /* lena.png */,
				CB823D5D18BD28B100FA5BAB /* cascadeFiles */,
				CB823D3818BC798400FA5BAB /* embeddedViewController.h */,
				CB823D3918BC798400FA5BAB /* embeddedViewController.mm */,
				CB823D2B18BC798400FA5BAB /* SmartCamera-Info.plist */,
				CB823D2C18BC798400FA5BAB /* InfoPlist.strings */,
				CB823D2F18BC798400FA5BAB /* main.m */,
				CB823D3118BC798400FA5BAB /* SmartCamera-Prefix.pch */,
				CB823D5818BD22C100FA5BAB /* Detection.h */,
				CB823D5918BD22C100FA5BAB /* Detection.mm */,
				CB823D6618BE70CD00FA5BAB /* FaceDetection.h */,
				CB823D6718BE70CD00FA5BAB /* FaceDetection.mm */,
			);
			name = "Supporting Files";
			sourceTree = "<group>";
		};
		CB823D4818BC798400FA5BAB /* SmartCameraTests */ = {
			isa = PBXGroup;
			children = (
				CB823D4E18BC798400FA5BAB /* SmartCameraTests.m */,
				CB823D4918BC798400FA5BAB /* Supporting Files */,
			);
			path = SmartCameraTests;
			sourceTree = "<group>";
		};
		CB823D4918BC798400FA5BAB /* Supporting Files */ = {
			isa = PBXGroup;
			children = (
				CB823D4A18BC798400FA5BAB /* SmartCameraTests-Info.plist */,
				CB823D4B18BC798400FA5BAB /* InfoPlist.strings */,
			);
			name = "Supporting Files";
			sourceTree = "<group>";
		};
		CB823D5D18BD28B100FA5BAB /* cascadeFiles */ = {
			isa = PBXGroup;
			children = (
				CB823D6418BD295800FA5BAB /* haarcascade_frontalface_alt.xml */,
				CB823D5E18BD293D00FA5BAB /* haarcascade_mcs_eyepair_big.xml */,
				CB823D5F18BD293D00FA5BAB /* haarcascade_mcs_mouth.xml */,
				CB823D6018BD293D00FA5BAB /* lbpcascade_frontalface.xml */,
			);
			name = cascadeFiles;
			sourceTree = "<group>";
		};
/* End PBXGroup section */

/* Begin PBXNativeTarget section */
		CB823D1F18BC798400FA5BAB /* SmartCamera */ = {
			isa = PBXNativeTarget;
			buildConfigurationList = CB823D5218BC798400FA5BAB /* Build configuration list for PBXNativeTarget "SmartCamera" */;
			buildPhases = (
				CB823D1C18BC798400FA5BAB /* Sources */,
				CB823D1D18BC798400FA5BAB /* Frameworks */,
				CB823D1E18BC798400FA5BAB /* Resources */,
			);
			buildRules = (
			);
			dependencies = (
			);
			name = SmartCamera;
			productName = SmartCamera;
			productReference = CB823D2018BC798400FA5BAB /* SmartCamera.app */;
			productType = "com.apple.product-type.application";
		};
		CB823D4018BC798400FA5BAB /* SmartCameraTests */ = {
			isa = PBXNativeTarget;
			buildConfigurationList = CB823D5518BC798400FA5BAB /* Build configuration list for PBXNativeTarget "SmartCameraTests" */;
			buildPhases = (
				CB823D3D18BC798400FA5BAB /* Sources */,
				CB823D3E18BC798400FA5BAB /* Frameworks */,
				CB823D3F18BC798400FA5BAB /* Resources */,
			);
			buildRules = (
			);
			dependencies = (
				CB823D4718BC798400FA5BAB /* PBXTargetDependency */,
			);
			name = SmartCameraTests;
			productName = SmartCameraTests;
			productReference = CB823D4118BC798400FA5BAB /* SmartCameraTests.xctest */;
			productType = "com.apple.product-type.bundle.unit-test";
		};
/* End PBXNativeTarget section */

/* Begin PBXProject section */
		CB823D1818BC798400FA5BAB /* Project object */ = {
			isa = PBXProject;
			attributes = {
				CLASSPREFIX = embedded;
				LastUpgradeCheck = 0500;
				ORGANIZATIONNAME = gubrian;
				TargetAttributes = {
					CB823D4018BC798400FA5BAB = {
						TestTargetID = CB823D1F18BC798400FA5BAB;
					};
				};
			};
			buildConfigurationList = CB823D1B18BC798400FA5BAB /* Build configuration list for PBXProject "SmartCamera" */;
			compatibilityVersion = "Xcode 3.2";
			developmentRegion = English;
			hasScannedForEncodings = 0;
			knownRegions = (
				en,
				Base,
			);
			mainGroup = CB823D1718BC798400FA5BAB;
			productRefGroup = CB823D2118BC798400FA5BAB /* Products */;
			projectDirPath = "";
			projectRoot = "";
			targets = (
				CB823D1F18BC798400FA5BAB /* SmartCamera */,
				CB823D4018BC798400FA5BAB /* SmartCameraTests */,
			);
		};
/* End PBXProject section */

/* Begin PBXResourcesBuildPhase section */
		CB823D1E18BC798400FA5BAB /* Resources */ = {
			isa = PBXResourcesBuildPhase;
			buildActionMask = 2147483647;
			files = (
				CB823D3C18BC798400FA5BAB /* Images.xcassets in Resources */,
				CB823D2E18BC798400FA5BAB /* InfoPlist.strings in Resources */,
				CB823D3718BC798400FA5BAB /* Main.storyboard in Resources */,
				CB823D6A18BE77B300FA5BAB /* lena.png in Resources */,
				CB823D6118BD293D00FA5BAB /* haarcascade_mcs_eyepair_big.xml in Resources */,
				CB823D6218BD293D00FA5BAB /* haarcascade_mcs_mouth.xml in Resources */,
				CB823D6518BD295800FA5BAB /* haarcascade_frontalface_alt.xml in Resources */,
				CB823D6318BD293D00FA5BAB /* lbpcascade_frontalface.xml in Resources */,
			);
			runOnlyForDeploymentPostprocessing = 0;
		};
		CB823D3F18BC798400FA5BAB /* Resources */ = {
			isa = PBXResourcesBuildPhase;
			buildActionMask = 2147483647;
			files = (
				CB823D4D18BC798400FA5BAB /* InfoPlist.strings in Resources */,
			);
			runOnlyForDeploymentPostprocessing = 0;
		};
/* End PBXResourcesBuildPhase section */

/* Begin PBXSourcesBuildPhase section */
		CB823D1C18BC798400FA5BAB /* Sources */ = {
			isa = PBXSourcesBuildPhase;
			buildActionMask = 2147483647;
			files = (
				CB823D3A18BC798400FA5BAB /* embeddedViewController.mm in Sources */,
				CB823D5A18BD22C100FA5BAB /* Detection.mm in Sources */,
				CB823D3418BC798400FA5BAB /* embeddedAppDelegate.mm in Sources */,
				CB823D6818BE70CD00FA5BAB /* FaceDetection.mm in Sources */,
				CB823D3018BC798400FA5BAB /* main.m in Sources */,
			);
			runOnlyForDeploymentPostprocessing = 0;
		};
		CB823D3D18BC798400FA5BAB /* Sources */ = {
			isa = PBXSourcesBuildPhase;
			buildActionMask = 2147483647;
			files = (
				CB823D4F18BC798400FA5BAB /* SmartCameraTests.m in Sources */,
			);
			runOnlyForDeploymentPostprocessing = 0;
		};
/* End PBXSourcesBuildPhase section */

/* Begin PBXTargetDependency section */
		CB823D4718BC798400FA5BAB /* PBXTargetDependency */ = {
			isa = PBXTargetDependency;
			target = CB823D1F18BC798400FA5BAB /* SmartCamera */;
			targetProxy = CB823D4618BC798400FA5BAB /* PBXContainerItemProxy */;
		};
/* End PBXTargetDependency section */

/* Begin PBXVariantGroup section */
		CB823D2C18BC798400FA5BAB /* InfoPlist.strings */ = {
			isa = PBXVariantGroup;
			children = (
				CB823D2D18BC798400FA5BAB /* en */,
			);
			name = InfoPlist.strings;
			sourceTree = "<group>";
		};
		CB823D3518BC798400FA5BAB /* Main.storyboard */ = {
			isa = PBXVariantGroup;
			children = (
				CB823D3618BC798400FA5BAB /* Base */,
			);
			name = Main.storyboard;
			sourceTree = "<group>";
		};
		CB823D4B18BC798400FA5BAB /* InfoPlist.strings */ = {
			isa = PBXVariantGroup;
			children = (
				CB823D4C18BC798400FA5BAB /* en */,
			);
			name = InfoPlist.strings;
			sourceTree = "<group>";
		};
/* End PBXVariantGroup section */

/* Begin XCBuildConfiguration section */
		CB823D5018BC798400FA5BAB /* Debug */ = {
			isa = XCBuildConfiguration;
			buildSettings = {
				ALWAYS_SEARCH_USER_PATHS = NO;
				ARCHS = "$(ARCHS_STANDARD_INCLUDING_64_BIT)";
				CLANG_CXX_LANGUAGE_STANDARD = "gnu++0x";
				CLANG_CXX_LIBRARY = "libc++";
				CLANG_ENABLE_MODULES = YES;
				CLANG_ENABLE_OBJC_ARC = YES;
				CLANG_WARN_BOOL_CONVERSION = YES;
				CLANG_WARN_CONSTANT_CONVERSION = YES;
				CLANG_WARN_DIRECT_OBJC_ISA_USAGE = YES_ERROR;
				CLANG_WARN_EMPTY_BODY = YES;
				CLANG_WARN_ENUM_CONVERSION = YES;
				CLANG_WARN_INT_CONVERSION = YES;
				CLANG_WARN_OBJC_ROOT_CLASS = YES_ERROR;
				CLANG_WARN__DUPLICATE_METHOD_MATCH = YES;
				"CODE_SIGN_IDENTITY[sdk=iphoneos*]" = "iPhone Developer";
				COPY_PHASE_STRIP = NO;
				GCC_C_LANGUAGE_STANDARD = gnu99;
				GCC_DYNAMIC_NO_PIC = NO;
				GCC_OPTIMIZATION_LEVEL = 0;
				GCC_PREPROCESSOR_DEFINITIONS = (
					"DEBUG=1",
					"$(inherited)",
				);
				GCC_SYMBOLS_PRIVATE_EXTERN = NO;
				GCC_WARN_64_TO_32_BIT_CONVERSION = YES;
				GCC_WARN_ABOUT_RETURN_TYPE = YES_ERROR;
				GCC_WARN_UNDECLARED_SELECTOR = YES;
				GCC_WARN_UNINITIALIZED_AUTOS = YES;
				GCC_WARN_UNUSED_FUNCTION = YES;
				GCC_WARN_UNUSED_VARIABLE = YES;
				IPHONEOS_DEPLOYMENT_TARGET = 7.0;
				ONLY_ACTIVE_ARCH = YES;
				SDKROOT = iphoneos;
			};
			name = Debug;
		};
		CB823D5118BC798400FA5BAB /* Release */ = {
			isa = XCBuildConfiguration;
			buildSettings = {
				ALWAYS_SEARCH_USER_PATHS = NO;
				ARCHS = "$(ARCHS_STANDARD_INCLUDING_64_BIT)";
				CLANG_CXX_LANGUAGE_STANDARD = "gnu++0x";
				CLANG_CXX_LIBRARY = "libc++";
				CLANG_ENABLE_MODULES = YES;
				CLANG_ENABLE_OBJC_ARC = YES;
				CLANG_WARN_BOOL_CONVERSION = YES;
				CLANG_WARN_CONSTANT_CONVERSION = YES;
				CLANG_WARN_DIRECT_OBJC_ISA_USAGE = YES_ERROR;
				CLANG_WARN_EMPTY_BODY = YES;
				CLANG_WARN_ENUM_CONVERSION = YES;
				CLANG_WARN_INT_CONVERSION = YES;
				CLANG_WARN_OBJC_ROOT_CLASS = YES_ERROR;
				CLANG_WARN__DUPLICATE_METHOD_MATCH = YES;
				"CODE_SIGN_IDENTITY[sdk=iphoneos*]" = "iPhone Developer";
				COPY_PHASE_STRIP = YES;
				ENABLE_NS_ASSERTIONS = NO;
				GCC_C_LANGUAGE_STANDARD = gnu99;
				GCC_WARN_64_TO_32_BIT_CONVERSION = YES;
				GCC_WARN_ABOUT_RETURN_TYPE = YES_ERROR;
				GCC_WARN_UNDECLARED_SELECTOR = YES;
				GCC_WARN_UNINITIALIZED_AUTOS = YES;
				GCC_WARN_UNUSED_FUNCTION = YES;
				GCC_WARN_UNUSED_VARIABLE = YES;
				IPHONEOS_DEPLOYMENT_TARGET = 7.0;
				SDKROOT = iphoneos;
				VALIDATE_PRODUCT = YES;
			};
			name = Release;
		};
		CB823D5318BC798400FA5BAB /* Debug */ = {
			isa = XCBuildConfiguration;
			buildSettings = {
				ASSETCATALOG_COMPILER_APPICON_NAME = AppIcon;
				ASSETCATALOG_COMPILER_LAUNCHIMAGE_NAME = LaunchImage;
				FRAMEWORK_SEARCH_PATHS = (
					"$(inherited)",
					/Users/gubrian/Documents/xcode_lib/SmartCamera,
				);
				GCC_PRECOMPILE_PREFIX_HEADER = YES;
				GCC_PREFIX_HEADER = "SmartCamera/SmartCamera-Prefix.pch";
				INFOPLIST_FILE = "SmartCamera/SmartCamera-Info.plist";
				PRODUCT_NAME = "$(TARGET_NAME)";
				WRAPPER_EXTENSION = app;
			};
			name = Debug;
		};
		CB823D5418BC798400FA5BAB /* Release */ = {
			isa = XCBuildConfiguration;
			buildSettings = {
				ASSETCATALOG_COMPILER_APPICON_NAME = AppIcon;
				ASSETCATALOG_COMPILER_LAUNCHIMAGE_NAME = LaunchImage;
				FRAMEWORK_SEARCH_PATHS = (
					"$(inherited)",
					/Users/gubrian/Documents/xcode_lib/SmartCamera,
				);
				GCC_PRECOMPILE_PREFIX_HEADER = YES;
				GCC_PREFIX_HEADER = "SmartCamera/SmartCamera-Prefix.pch";
				INFOPLIST_FILE = "SmartCamera/SmartCamera-Info.plist";
				PRODUCT_NAME = "$(TARGET_NAME)";
				WRAPPER_EXTENSION = app;
			};
			name = Release;
		};
		CB823D5618BC798400FA5BAB /* Debug */ = {
			isa = XCBuildConfiguration;
			buildSettings = {
				ARCHS = "$(ARCHS_STANDARD_INCLUDING_64_BIT)";
				BUNDLE_LOADER = "$(BUILT_PRODUCTS_DIR)/SmartCamera.app/SmartCamera";
				FRAMEWORK_SEARCH_PATHS = (
					"$(SDKROOT)/Developer/Library/Frameworks",
					"$(inherited)",
					"$(DEVELOPER_FRAMEWORKS_DIR)",
				);
				GCC_PRECOMPILE_PREFIX_HEADER = YES;
				GCC_PREFIX_HEADER = "SmartCamera/SmartCamera-Prefix.pch";
				GCC_PREPROCESSOR_DEFINITIONS = (
					"DEBUG=1",
					"$(inherited)",
				);
				INFOPLIST_FILE = "SmartCameraTests/SmartCameraTests-Info.plist";
				PRODUCT_NAME = "$(TARGET_NAME)";
				TEST_HOST = "$(BUNDLE_LOADER)";
				WRAPPER_EXTENSION = xctest;
			};
			name = Debug;
		};
		CB823D5718BC798400FA5BAB /* Release */ = {
			isa = XCBuildConfiguration;
			buildSettings = {
				ARCHS = "$(ARCHS_STANDARD_INCLUDING_64_BIT)";
				BUNDLE_LOADER = "$(BUILT_PRODUCTS_DIR)/SmartCamera.app/SmartCamera";
				FRAMEWORK_SEARCH_PATHS = (
					"$(SDKROOT)/Developer/Library/Frameworks",
					"$(inherited)",
					"$(DEVELOPER_FRAMEWORKS_DIR)",
				);
				GCC_PRECOMPILE_PREFIX_HEADER = YES;
				GCC_PREFIX_HEADER = "SmartCamera/SmartCamera-Prefix.pch";
				INFOPLIST_FILE = "SmartCameraTests/SmartCameraTests-Info.plist";
				PRODUCT_NAME = "$(TARGET_NAME)";
				TEST_HOST = "$(BUNDLE_LOADER)";
				WRAPPER_EXTENSION = xctest;
			};
			name = Release;
		};
/* End XCBuildConfiguration section */

/* Begin XCConfigurationList section */
		CB823D1B18BC798400FA5BAB /* Build configuration list for PBXProject "SmartCamera" */ = {
			isa = XCConfigurationList;
			buildConfigurations = (
				CB823D5018BC798400FA5BAB /* Debug */,
				CB823D5118BC798400FA5BAB /* Release */,
			);
			defaultConfigurationIsVisible = 0;
			defaultConfigurationName = Release;
		};
		CB823D5218BC798400FA5BAB /* Build configuration list for PBXNativeTarget "SmartCamera" */ = {
			isa = XCConfigurationList;
			buildConfigurations = (
				CB823D5318BC798400FA5BAB /* Debug */,
				CB823D5418BC798400FA5BAB /* Release */,
			);
			defaultConfigurationIsVisible = 0;
			defaultConfigurationName = Release;
		};
		CB823D5518BC798400FA5BAB /* Build configuration list for PBXNativeTarget "SmartCameraTests" */ = {
			isa = XCConfigurationList;
			buildConfigurations = (
				CB823D5618BC798400FA5BAB /* Debug */,
				CB823D5718BC798400FA5BAB /* Release */,
			);
			defaultConfigurationIsVisible = 0;
			defaultConfigurationName = Release;
		};
/* End XCConfigurationList section */
	};
	rootObject = CB823D1818BC798400FA5BAB /* Project object */;
}
